// !$*UTF8*$!
{
	archiveVersion = 1;
	classes = {
	};
	objectVersion = 56;
	objects = {

/* Begin PBXBuildFile section */
		8004672F2B937C810060E055 /* DetailView.swift in Sources */ = {isa = PBXBuildFile; fileRef = 8004672E2B937C810060E055 /* DetailView.swift */; };
		800FDC112B91E076000ED4F0 /* Youtube.swift in Sources */ = {isa = PBXBuildFile; fileRef = 800FDC102B91E076000ED4F0 /* Youtube.swift */; };
		801403172BB1715400481B9C /* DetailViewDelegate.swift in Sources */ = {isa = PBXBuildFile; fileRef = 801403162BB1715400481B9C /* DetailViewDelegate.swift */; };
		801403192BB1718800481B9C /* ButtonType.swift in Sources */ = {isa = PBXBuildFile; fileRef = 801403182BB1718800481B9C /* ButtonType.swift */; };
		801A715A2BA6C43000086382 /* MovieDTO.swift in Sources */ = {isa = PBXBuildFile; fileRef = 801A71592BA6C43000086382 /* MovieDTO.swift */; };
		801A715C2BA6C4AC00086382 /* MovieDTOMapper.swift in Sources */ = {isa = PBXBuildFile; fileRef = 801A715B2BA6C4AC00086382 /* MovieDTOMapper.swift */; };
		801A715E2BA6C59C00086382 /* YoutubeDTO.swift in Sources */ = {isa = PBXBuildFile; fileRef = 801A715D2BA6C59C00086382 /* YoutubeDTO.swift */; };
		801A71602BA6C5A200086382 /* YoutubeDTOMapper.swift in Sources */ = {isa = PBXBuildFile; fileRef = 801A715F2BA6C5A200086382 /* YoutubeDTOMapper.swift */; };
		801A71622BA6FFB200086382 /* MovieCell.swift in Sources */ = {isa = PBXBuildFile; fileRef = 801A71612BA6FFB200086382 /* MovieCell.swift */; };
		801A71642BA7018000086382 /* HomeViewModel.swift in Sources */ = {isa = PBXBuildFile; fileRef = 801A71632BA7018000086382 /* HomeViewModel.swift */; };
		803A59C82BB0620A00B08D3D /* DetailViewModel.swift in Sources */ = {isa = PBXBuildFile; fileRef = 803A59C72BB0620A00B08D3D /* DetailViewModel.swift */; };
		8054DCAF2BA9805400B8C356 /* HeaderView.swift in Sources */ = {isa = PBXBuildFile; fileRef = 8054DCAE2BA9805400B8C356 /* HeaderView.swift */; };
		8054DCB22BA982FF00B8C356 /* CellType.swift in Sources */ = {isa = PBXBuildFile; fileRef = 8054DCB12BA982FF00B8C356 /* CellType.swift */; };
		805AB22D2B8C8DBF00ADB8BD /* AppDelegate.swift in Sources */ = {isa = PBXBuildFile; fileRef = 805AB22C2B8C8DBF00ADB8BD /* AppDelegate.swift */; };
		805AB22F2B8C8DBF00ADB8BD /* SceneDelegate.swift in Sources */ = {isa = PBXBuildFile; fileRef = 805AB22E2B8C8DBF00ADB8BD /* SceneDelegate.swift */; };
		805AB2362B8C8DC100ADB8BD /* Assets.xcassets in Resources */ = {isa = PBXBuildFile; fileRef = 805AB2352B8C8DC100ADB8BD /* Assets.xcassets */; };
		805AB2442B8C98A700ADB8BD /* HomeViewController.swift in Sources */ = {isa = PBXBuildFile; fileRef = 805AB2432B8C98A700ADB8BD /* HomeViewController.swift */; };
		805AB2462B8C98AE00ADB8BD /* UpcomingViewController.swift in Sources */ = {isa = PBXBuildFile; fileRef = 805AB2452B8C98AE00ADB8BD /* UpcomingViewController.swift */; };
		805AB2482B8C98B700ADB8BD /* SearchViewController.swift in Sources */ = {isa = PBXBuildFile; fileRef = 805AB2472B8C98B700ADB8BD /* SearchViewController.swift */; };
		805AB24A2B8C98BE00ADB8BD /* DownloadViewController.swift in Sources */ = {isa = PBXBuildFile; fileRef = 805AB2492B8C98BE00ADB8BD /* DownloadViewController.swift */; };
		805B75BB2B90C09B0046FDC8 /* TableViewCell.swift in Sources */ = {isa = PBXBuildFile; fileRef = 805B75BA2B90C09B0046FDC8 /* TableViewCell.swift */; };
		805B75BF2B90E5370046FDC8 /* SearchResultsViewController.swift in Sources */ = {isa = PBXBuildFile; fileRef = 805B75BE2B90E5370046FDC8 /* SearchResultsViewController.swift */; };
		806BF1CA2BAACCBD00771C09 /* UpcomingViewModel.swift in Sources */ = {isa = PBXBuildFile; fileRef = 806BF1C92BAACCBD00771C09 /* UpcomingViewModel.swift */; };
		806BF1CF2BAAD85D00771C09 /* SearchViewModel.swift in Sources */ = {isa = PBXBuildFile; fileRef = 806BF1CE2BAAD85D00771C09 /* SearchViewModel.swift */; };
		806BF1D12BAAE8CF00771C09 /* DownloadViewModel.swift in Sources */ = {isa = PBXBuildFile; fileRef = 806BF1D02BAAE8CF00771C09 /* DownloadViewModel.swift */; };
		8075A1812BA88BEB00B25DFD /* ErrorType.swift in Sources */ = {isa = PBXBuildFile; fileRef = 8075A1802BA88BEB00B25DFD /* ErrorType.swift */; };
		80A165D92BA1EDE300AAD8B4 /* MovieNetworkDataSource.swift in Sources */ = {isa = PBXBuildFile; fileRef = 80A165D82BA1EDE300AAD8B4 /* MovieNetworkDataSource.swift */; };
		80A165DB2BA1EDF600AAD8B4 /* MovieNetworkDataSourceProtocol.swift in Sources */ = {isa = PBXBuildFile; fileRef = 80A165DA2BA1EDF600AAD8B4 /* MovieNetworkDataSourceProtocol.swift */; };
		80A165DD2BA1EEDB00AAD8B4 /* YoutubeNetworkDataSource.swift in Sources */ = {isa = PBXBuildFile; fileRef = 80A165DC2BA1EEDB00AAD8B4 /* YoutubeNetworkDataSource.swift */; };
		80A165DF2BA1EEE500AAD8B4 /* YoutubeNetworkDataSourceProtocol.swift in Sources */ = {isa = PBXBuildFile; fileRef = 80A165DE2BA1EEE500AAD8B4 /* YoutubeNetworkDataSourceProtocol.swift */; };
		80A165E12BA1F40800AAD8B4 /* YoutubeRepository.swift in Sources */ = {isa = PBXBuildFile; fileRef = 80A165E02BA1F40800AAD8B4 /* YoutubeRepository.swift */; };
		80A165E32BA1F41000AAD8B4 /* MovieRepository.swift in Sources */ = {isa = PBXBuildFile; fileRef = 80A165E22BA1F41000AAD8B4 /* MovieRepository.swift */; };
		80A165E52BA1F43000AAD8B4 /* MovieRepositoryProtocol.swift in Sources */ = {isa = PBXBuildFile; fileRef = 80A165E42BA1F43000AAD8B4 /* MovieRepositoryProtocol.swift */; };
		80A165E72BA1F44000AAD8B4 /* YoutubeRepositoryProtocol.swift in Sources */ = {isa = PBXBuildFile; fileRef = 80A165E62BA1F44000AAD8B4 /* YoutubeRepositoryProtocol.swift */; };
		80C1C6B52BA49E4500139A4D /* LocalDataSourceProtocol.swift in Sources */ = {isa = PBXBuildFile; fileRef = 80C1C6B42BA49E4500139A4D /* LocalDataSourceProtocol.swift */; };
		80C1C6C42BA4A2D300139A4D /* MovieUseCase.swift in Sources */ = {isa = PBXBuildFile; fileRef = 80C1C6C32BA4A2D300139A4D /* MovieUseCase.swift */; };
		80C1C6C62BA4A30B00139A4D /* YoutubeUseCase.swift in Sources */ = {isa = PBXBuildFile; fileRef = 80C1C6C52BA4A30B00139A4D /* YoutubeUseCase.swift */; };
		80C1C6C82BA4A3CD00139A4D /* GetMovieUseCaseProtocol.swift in Sources */ = {isa = PBXBuildFile; fileRef = 80C1C6C72BA4A3CD00139A4D /* GetMovieUseCaseProtocol.swift */; };
		80C1C6CA2BA4A3D300139A4D /* GetMovieUseCase.swift in Sources */ = {isa = PBXBuildFile; fileRef = 80C1C6C92BA4A3D300139A4D /* GetMovieUseCase.swift */; };
		80C1C6CD2BA4A52A00139A4D /* DeleteUseCase.swift in Sources */ = {isa = PBXBuildFile; fileRef = 80C1C6CC2BA4A52A00139A4D /* DeleteUseCase.swift */; };
		80C1C6D02BA4A53400139A4D /* MoviePersistenceUseCaseProtocol.swift in Sources */ = {isa = PBXBuildFile; fileRef = 80C1C6CF2BA4A53400139A4D /* MoviePersistenceUseCaseProtocol.swift */; };
		80C1C6D22BA4A53B00139A4D /* SaveUseCase.swift in Sources */ = {isa = PBXBuildFile; fileRef = 80C1C6D12BA4A53B00139A4D /* SaveUseCase.swift */; };
		80C1C6D62BA4A54800139A4D /* FetchUseCase.swift in Sources */ = {isa = PBXBuildFile; fileRef = 80C1C6D52BA4A54800139A4D /* FetchUseCase.swift */; };
		80C1C6D82BA4A54C00139A4D /* MovieActionUseCaseProtocol.swift in Sources */ = {isa = PBXBuildFile; fileRef = 80C1C6D72BA4A54C00139A4D /* MovieActionUseCaseProtocol.swift */; };
		80C1C6DA2BA4A55800139A4D /* SearchByKeywordUseCase.swift in Sources */ = {isa = PBXBuildFile; fileRef = 80C1C6D92BA4A55800139A4D /* SearchByKeywordUseCase.swift */; };
		80C1C6DC2BA4A55C00139A4D /* SearchByKeywordUseCaseProtocol.swift in Sources */ = {isa = PBXBuildFile; fileRef = 80C1C6DB2BA4A55C00139A4D /* SearchByKeywordUseCaseProtocol.swift */; };
		80C1C6DE2BA4A56200139A4D /* GetDiscoverMoviesUseCase.swift in Sources */ = {isa = PBXBuildFile; fileRef = 80C1C6DD2BA4A56200139A4D /* GetDiscoverMoviesUseCase.swift */; };
		80C1C6E22BA4A56E00139A4D /* GetUpcomingMoviesUseCase.swift in Sources */ = {isa = PBXBuildFile; fileRef = 80C1C6E12BA4A56E00139A4D /* GetUpcomingMoviesUseCase.swift */; };
		80C1C6E82BA4A58300139A4D /* GetTopRatedMoviesUseCase.swift in Sources */ = {isa = PBXBuildFile; fileRef = 80C1C6E72BA4A58300139A4D /* GetTopRatedMoviesUseCase.swift */; };
		80C1C6EA2BA4A58A00139A4D /* GetPopularMoviesUseCase.swift in Sources */ = {isa = PBXBuildFile; fileRef = 80C1C6E92BA4A58A00139A4D /* GetPopularMoviesUseCase.swift */; };
		80C1C6EE2BA4A59900139A4D /* GetTrendingTVUseCase.swift in Sources */ = {isa = PBXBuildFile; fileRef = 80C1C6ED2BA4A59900139A4D /* GetTrendingTVUseCase.swift */; };
		80C1C6F22BA4A5A700139A4D /* GetTrendingMoviesUseCase.swift in Sources */ = {isa = PBXBuildFile; fileRef = 80C1C6F12BA4A5A700139A4D /* GetTrendingMoviesUseCase.swift */; };
		80DC80582B8F46F5001BF7F3 /* Movie.swift in Sources */ = {isa = PBXBuildFile; fileRef = 80DC80572B8F46F5001BF7F3 /* Movie.swift */; };
		80DC805D2B8F7B1E001BF7F3 /* SDWebImage in Frameworks */ = {isa = PBXBuildFile; productRef = 80DC805C2B8F7B1E001BF7F3 /* SDWebImage */; };
		80DC805F2B8F7B1E001BF7F3 /* SDWebImageMapKit in Frameworks */ = {isa = PBXBuildFile; productRef = 80DC805E2B8F7B1E001BF7F3 /* SDWebImageMapKit */; };
		80E8E9672B9B0B820094AEFB /* CoreDataManager.swift in Sources */ = {isa = PBXBuildFile; fileRef = 80E8E9662B9B0B820094AEFB /* CoreDataManager.swift */; };
		80E8E96B2B9B0EA00094AEFB /* LocalDataSource.swift in Sources */ = {isa = PBXBuildFile; fileRef = 80E8E96A2B9B0EA00094AEFB /* LocalDataSource.swift */; };
		80EF1E932BA1B4BF00A0601D /* MovieNetworkManager.swift in Sources */ = {isa = PBXBuildFile; fileRef = 80EF1E922BA1B4BF00A0601D /* MovieNetworkManager.swift */; };
		80EF1E952BA1B4C500A0601D /* YoutubeNetworkManager.swift in Sources */ = {isa = PBXBuildFile; fileRef = 80EF1E942BA1B4C500A0601D /* YoutubeNetworkManager.swift */; };
		80EF1E982BA1B5F900A0601D /* Config.plist in Resources */ = {isa = PBXBuildFile; fileRef = 80EF1E972BA1B5F900A0601D /* Config.plist */; };
		80F146422B9B0777006FF2E1 /* NetflixDatabase.xcdatamodeld in Sources */ = {isa = PBXBuildFile; fileRef = 80F146402B9B0777006FF2E1 /* NetflixDatabase.xcdatamodeld */; };
/* End PBXBuildFile section */

/* Begin PBXCopyFilesBuildPhase section */
		80EF1E9A2BA1B78F00A0601D /* Embed Frameworks */ = {
			isa = PBXCopyFilesBuildPhase;
			buildActionMask = 2147483647;
			dstPath = "";
			dstSubfolderSpec = 10;
			files = (
			);
			name = "Embed Frameworks";
			runOnlyForDeploymentPostprocessing = 0;
		};
/* End PBXCopyFilesBuildPhase section */

/* Begin PBXFileReference section */
		8004672E2B937C810060E055 /* DetailView.swift */ = {isa = PBXFileReference; lastKnownFileType = sourcecode.swift; path = DetailView.swift; sourceTree = "<group>"; };
		800FDC102B91E076000ED4F0 /* Youtube.swift */ = {isa = PBXFileReference; lastKnownFileType = sourcecode.swift; path = Youtube.swift; sourceTree = "<group>"; };
		801403162BB1715400481B9C /* DetailViewDelegate.swift */ = {isa = PBXFileReference; lastKnownFileType = sourcecode.swift; path = DetailViewDelegate.swift; sourceTree = "<group>"; };
		801403182BB1718800481B9C /* ButtonType.swift */ = {isa = PBXFileReference; lastKnownFileType = sourcecode.swift; path = ButtonType.swift; sourceTree = "<group>"; };
		801A71592BA6C43000086382 /* MovieDTO.swift */ = {isa = PBXFileReference; lastKnownFileType = sourcecode.swift; path = MovieDTO.swift; sourceTree = "<group>"; };
		801A715B2BA6C4AC00086382 /* MovieDTOMapper.swift */ = {isa = PBXFileReference; lastKnownFileType = sourcecode.swift; path = MovieDTOMapper.swift; sourceTree = "<group>"; };
		801A715D2BA6C59C00086382 /* YoutubeDTO.swift */ = {isa = PBXFileReference; lastKnownFileType = sourcecode.swift; path = YoutubeDTO.swift; sourceTree = "<group>"; };
		801A715F2BA6C5A200086382 /* YoutubeDTOMapper.swift */ = {isa = PBXFileReference; lastKnownFileType = sourcecode.swift; path = YoutubeDTOMapper.swift; sourceTree = "<group>"; };
		801A71612BA6FFB200086382 /* MovieCell.swift */ = {isa = PBXFileReference; lastKnownFileType = sourcecode.swift; path = MovieCell.swift; sourceTree = "<group>"; };
		801A71632BA7018000086382 /* HomeViewModel.swift */ = {isa = PBXFileReference; lastKnownFileType = sourcecode.swift; path = HomeViewModel.swift; sourceTree = "<group>"; };
		803A59C72BB0620A00B08D3D /* DetailViewModel.swift */ = {isa = PBXFileReference; lastKnownFileType = sourcecode.swift; path = DetailViewModel.swift; sourceTree = "<group>"; };
		8054DCAE2BA9805400B8C356 /* HeaderView.swift */ = {isa = PBXFileReference; lastKnownFileType = sourcecode.swift; path = HeaderView.swift; sourceTree = "<group>"; };
		8054DCB12BA982FF00B8C356 /* CellType.swift */ = {isa = PBXFileReference; lastKnownFileType = sourcecode.swift; path = CellType.swift; sourceTree = "<group>"; };
		805AB2292B8C8DBF00ADB8BD /* Netflix Clone.app */ = {isa = PBXFileReference; explicitFileType = wrapper.application; includeInIndex = 0; path = "Netflix Clone.app"; sourceTree = BUILT_PRODUCTS_DIR; };
		805AB22C2B8C8DBF00ADB8BD /* AppDelegate.swift */ = {isa = PBXFileReference; lastKnownFileType = sourcecode.swift; path = AppDelegate.swift; sourceTree = "<group>"; };
		805AB22E2B8C8DBF00ADB8BD /* SceneDelegate.swift */ = {isa = PBXFileReference; lastKnownFileType = sourcecode.swift; path = SceneDelegate.swift; sourceTree = "<group>"; };
		805AB2352B8C8DC100ADB8BD /* Assets.xcassets */ = {isa = PBXFileReference; lastKnownFileType = folder.assetcatalog; path = Assets.xcassets; sourceTree = "<group>"; };
		805AB23A2B8C8DC100ADB8BD /* Info.plist */ = {isa = PBXFileReference; lastKnownFileType = text.plist.xml; path = Info.plist; sourceTree = "<group>"; };
		805AB2432B8C98A700ADB8BD /* HomeViewController.swift */ = {isa = PBXFileReference; lastKnownFileType = sourcecode.swift; path = HomeViewController.swift; sourceTree = "<group>"; };
		805AB2452B8C98AE00ADB8BD /* UpcomingViewController.swift */ = {isa = PBXFileReference; lastKnownFileType = sourcecode.swift; path = UpcomingViewController.swift; sourceTree = "<group>"; };
		805AB2472B8C98B700ADB8BD /* SearchViewController.swift */ = {isa = PBXFileReference; lastKnownFileType = sourcecode.swift; path = SearchViewController.swift; sourceTree = "<group>"; };
		805AB2492B8C98BE00ADB8BD /* DownloadViewController.swift */ = {isa = PBXFileReference; lastKnownFileType = sourcecode.swift; path = DownloadViewController.swift; sourceTree = "<group>"; };
		805B75BA2B90C09B0046FDC8 /* TableViewCell.swift */ = {isa = PBXFileReference; lastKnownFileType = sourcecode.swift; path = TableViewCell.swift; sourceTree = "<group>"; };
		805B75BE2B90E5370046FDC8 /* SearchResultsViewController.swift */ = {isa = PBXFileReference; lastKnownFileType = sourcecode.swift; path = SearchResultsViewController.swift; sourceTree = "<group>"; };
		806BF1C92BAACCBD00771C09 /* UpcomingViewModel.swift */ = {isa = PBXFileReference; lastKnownFileType = sourcecode.swift; path = UpcomingViewModel.swift; sourceTree = "<group>"; };
		806BF1CE2BAAD85D00771C09 /* SearchViewModel.swift */ = {isa = PBXFileReference; lastKnownFileType = sourcecode.swift; path = SearchViewModel.swift; sourceTree = "<group>"; };
		806BF1D02BAAE8CF00771C09 /* DownloadViewModel.swift */ = {isa = PBXFileReference; lastKnownFileType = sourcecode.swift; path = DownloadViewModel.swift; sourceTree = "<group>"; };
		8075A1802BA88BEB00B25DFD /* ErrorType.swift */ = {isa = PBXFileReference; lastKnownFileType = sourcecode.swift; path = ErrorType.swift; sourceTree = "<group>"; };
		80A165D82BA1EDE300AAD8B4 /* MovieNetworkDataSource.swift */ = {isa = PBXFileReference; lastKnownFileType = sourcecode.swift; path = MovieNetworkDataSource.swift; sourceTree = "<group>"; };
		80A165DA2BA1EDF600AAD8B4 /* MovieNetworkDataSourceProtocol.swift */ = {isa = PBXFileReference; lastKnownFileType = sourcecode.swift; path = MovieNetworkDataSourceProtocol.swift; sourceTree = "<group>"; };
		80A165DC2BA1EEDB00AAD8B4 /* YoutubeNetworkDataSource.swift */ = {isa = PBXFileReference; lastKnownFileType = sourcecode.swift; path = YoutubeNetworkDataSource.swift; sourceTree = "<group>"; };
		80A165DE2BA1EEE500AAD8B4 /* YoutubeNetworkDataSourceProtocol.swift */ = {isa = PBXFileReference; lastKnownFileType = sourcecode.swift; path = YoutubeNetworkDataSourceProtocol.swift; sourceTree = "<group>"; };
		80A165E02BA1F40800AAD8B4 /* YoutubeRepository.swift */ = {isa = PBXFileReference; lastKnownFileType = sourcecode.swift; path = YoutubeRepository.swift; sourceTree = "<group>"; };
		80A165E22BA1F41000AAD8B4 /* MovieRepository.swift */ = {isa = PBXFileReference; lastKnownFileType = sourcecode.swift; path = MovieRepository.swift; sourceTree = "<group>"; };
		80A165E42BA1F43000AAD8B4 /* MovieRepositoryProtocol.swift */ = {isa = PBXFileReference; lastKnownFileType = sourcecode.swift; path = MovieRepositoryProtocol.swift; sourceTree = "<group>"; };
		80A165E62BA1F44000AAD8B4 /* YoutubeRepositoryProtocol.swift */ = {isa = PBXFileReference; lastKnownFileType = sourcecode.swift; path = YoutubeRepositoryProtocol.swift; sourceTree = "<group>"; };
		80C1C6B42BA49E4500139A4D /* LocalDataSourceProtocol.swift */ = {isa = PBXFileReference; lastKnownFileType = sourcecode.swift; path = LocalDataSourceProtocol.swift; sourceTree = "<group>"; };
		80C1C6C32BA4A2D300139A4D /* MovieUseCase.swift */ = {isa = PBXFileReference; lastKnownFileType = sourcecode.swift; path = MovieUseCase.swift; sourceTree = "<group>"; };
		80C1C6C52BA4A30B00139A4D /* YoutubeUseCase.swift */ = {isa = PBXFileReference; lastKnownFileType = sourcecode.swift; path = YoutubeUseCase.swift; sourceTree = "<group>"; };
		80C1C6C72BA4A3CD00139A4D /* GetMovieUseCaseProtocol.swift */ = {isa = PBXFileReference; lastKnownFileType = sourcecode.swift; path = GetMovieUseCaseProtocol.swift; sourceTree = "<group>"; };
		80C1C6C92BA4A3D300139A4D /* GetMovieUseCase.swift */ = {isa = PBXFileReference; lastKnownFileType = sourcecode.swift; path = GetMovieUseCase.swift; sourceTree = "<group>"; };
		80C1C6CC2BA4A52A00139A4D /* DeleteUseCase.swift */ = {isa = PBXFileReference; lastKnownFileType = sourcecode.swift; path = DeleteUseCase.swift; sourceTree = "<group>"; };
		80C1C6CF2BA4A53400139A4D /* MoviePersistenceUseCaseProtocol.swift */ = {isa = PBXFileReference; lastKnownFileType = sourcecode.swift; path = MoviePersistenceUseCaseProtocol.swift; sourceTree = "<group>"; };
		80C1C6D12BA4A53B00139A4D /* SaveUseCase.swift */ = {isa = PBXFileReference; lastKnownFileType = sourcecode.swift; path = SaveUseCase.swift; sourceTree = "<group>"; };
		80C1C6D52BA4A54800139A4D /* FetchUseCase.swift */ = {isa = PBXFileReference; lastKnownFileType = sourcecode.swift; path = FetchUseCase.swift; sourceTree = "<group>"; };
		80C1C6D72BA4A54C00139A4D /* MovieActionUseCaseProtocol.swift */ = {isa = PBXFileReference; lastKnownFileType = sourcecode.swift; path = MovieActionUseCaseProtocol.swift; sourceTree = "<group>"; };
		80C1C6D92BA4A55800139A4D /* SearchByKeywordUseCase.swift */ = {isa = PBXFileReference; lastKnownFileType = sourcecode.swift; path = SearchByKeywordUseCase.swift; sourceTree = "<group>"; };
		80C1C6DB2BA4A55C00139A4D /* SearchByKeywordUseCaseProtocol.swift */ = {isa = PBXFileReference; lastKnownFileType = sourcecode.swift; path = SearchByKeywordUseCaseProtocol.swift; sourceTree = "<group>"; };
		80C1C6DD2BA4A56200139A4D /* GetDiscoverMoviesUseCase.swift */ = {isa = PBXFileReference; lastKnownFileType = sourcecode.swift; path = GetDiscoverMoviesUseCase.swift; sourceTree = "<group>"; };
		80C1C6E12BA4A56E00139A4D /* GetUpcomingMoviesUseCase.swift */ = {isa = PBXFileReference; lastKnownFileType = sourcecode.swift; path = GetUpcomingMoviesUseCase.swift; sourceTree = "<group>"; };
		80C1C6E72BA4A58300139A4D /* GetTopRatedMoviesUseCase.swift */ = {isa = PBXFileReference; lastKnownFileType = sourcecode.swift; path = GetTopRatedMoviesUseCase.swift; sourceTree = "<group>"; };
		80C1C6E92BA4A58A00139A4D /* GetPopularMoviesUseCase.swift */ = {isa = PBXFileReference; lastKnownFileType = sourcecode.swift; path = GetPopularMoviesUseCase.swift; sourceTree = "<group>"; };
		80C1C6ED2BA4A59900139A4D /* GetTrendingTVUseCase.swift */ = {isa = PBXFileReference; lastKnownFileType = sourcecode.swift; path = GetTrendingTVUseCase.swift; sourceTree = "<group>"; };
		80C1C6F12BA4A5A700139A4D /* GetTrendingMoviesUseCase.swift */ = {isa = PBXFileReference; lastKnownFileType = sourcecode.swift; path = GetTrendingMoviesUseCase.swift; sourceTree = "<group>"; };
		80DC80572B8F46F5001BF7F3 /* Movie.swift */ = {isa = PBXFileReference; lastKnownFileType = sourcecode.swift; path = Movie.swift; sourceTree = "<group>"; };
		80E8E9662B9B0B820094AEFB /* CoreDataManager.swift */ = {isa = PBXFileReference; lastKnownFileType = sourcecode.swift; path = CoreDataManager.swift; sourceTree = "<group>"; };
		80E8E96A2B9B0EA00094AEFB /* LocalDataSource.swift */ = {isa = PBXFileReference; lastKnownFileType = sourcecode.swift; path = LocalDataSource.swift; sourceTree = "<group>"; };
		80EF1E922BA1B4BF00A0601D /* MovieNetworkManager.swift */ = {isa = PBXFileReference; lastKnownFileType = sourcecode.swift; path = MovieNetworkManager.swift; sourceTree = "<group>"; };
		80EF1E942BA1B4C500A0601D /* YoutubeNetworkManager.swift */ = {isa = PBXFileReference; lastKnownFileType = sourcecode.swift; path = YoutubeNetworkManager.swift; sourceTree = "<group>"; };
		80EF1E972BA1B5F900A0601D /* Config.plist */ = {isa = PBXFileReference; lastKnownFileType = text.plist.xml; path = Config.plist; sourceTree = "<group>"; };
		80F146412B9B0777006FF2E1 /* NetflixDatabase.xcdatamodel */ = {isa = PBXFileReference; lastKnownFileType = wrapper.xcdatamodel; path = NetflixDatabase.xcdatamodel; sourceTree = "<group>"; };
/* End PBXFileReference section */

/* Begin PBXFrameworksBuildPhase section */
		805AB2262B8C8DBF00ADB8BD /* Frameworks */ = {
			isa = PBXFrameworksBuildPhase;
			buildActionMask = 2147483647;
			files = (
				80DC805F2B8F7B1E001BF7F3 /* SDWebImageMapKit in Frameworks */,
				80DC805D2B8F7B1E001BF7F3 /* SDWebImage in Frameworks */,
			);
			runOnlyForDeploymentPostprocessing = 0;
		};
/* End PBXFrameworksBuildPhase section */

/* Begin PBXGroup section */
		801403152BB1714E00481B9C /* Delegate */ = {
			isa = PBXGroup;
			children = (
				801403162BB1715400481B9C /* DetailViewDelegate.swift */,
			);
			path = Delegate;
			sourceTree = "<group>";
		};
		801A71572BA6C42600086382 /* Movie */ = {
			isa = PBXGroup;
			children = (
				801A71592BA6C43000086382 /* MovieDTO.swift */,
				801A715B2BA6C4AC00086382 /* MovieDTOMapper.swift */,
			);
			path = Movie;
			sourceTree = "<group>";
		};
		801A71582BA6C42900086382 /* Youtube */ = {
			isa = PBXGroup;
			children = (
				801A715D2BA6C59C00086382 /* YoutubeDTO.swift */,
				801A715F2BA6C5A200086382 /* YoutubeDTOMapper.swift */,
			);
			path = Youtube;
			sourceTree = "<group>";
		};
		801ED6FD2BA16C48002C931A /* Application */ = {
			isa = PBXGroup;
			children = (
				805AB22C2B8C8DBF00ADB8BD /* AppDelegate.swift */,
				805AB22E2B8C8DBF00ADB8BD /* SceneDelegate.swift */,
			);
			path = Application;
			sourceTree = "<group>";
		};
		801ED6FE2BA16C5B002C931A /* Config */ = {
			isa = PBXGroup;
			children = (
				805AB2502B8CC88400ADB8BD /* Resources */,
			);
			path = Config;
			sourceTree = "<group>";
		};
		801ED6FF2BA16C8E002C931A /* Core */ = {
			isa = PBXGroup;
			children = (
				801403152BB1714E00481B9C /* Delegate */,
				8075A17F2BA88BDD00B25DFD /* Enum */,
				801ED7012BA16CB7002C931A /* Presentations */,
				801ED7022BA16CCC002C931A /* Utilities */,
			);
			path = Core;
			sourceTree = "<group>";
		};
		801ED7002BA16C92002C931A /* Feature */ = {
			isa = PBXGroup;
			children = (
				80EF1E6E2BA1A98300A0601D /* Netflix */,
			);
			path = Feature;
			sourceTree = "<group>";
		};
		801ED7012BA16CB7002C931A /* Presentations */ = {
			isa = PBXGroup;
			children = (
				806BF1D22BAAF41E00771C09 /* CollectionViewCell */,
				80EF1E882BA1AFF600A0601D /* PreviewViewController */,
				80EF1E872BA1AFD700A0601D /* TableViewCell */,
			);
			path = Presentations;
			sourceTree = "<group>";
		};
		801ED7022BA16CCC002C931A /* Utilities */ = {
			isa = PBXGroup;
			children = (
				801ED7032BA16CDF002C931A /* Networking */,
				80E8E9652B9B0B740094AEFB /* CoreData */,
			);
			path = Utilities;
			sourceTree = "<group>";
		};
		801ED7032BA16CDF002C931A /* Networking */ = {
			isa = PBXGroup;
			children = (
				80EF1E922BA1B4BF00A0601D /* MovieNetworkManager.swift */,
				80EF1E942BA1B4C500A0601D /* YoutubeNetworkManager.swift */,
			);
			path = Networking;
			sourceTree = "<group>";
		};
		803A59C42BB0613600B08D3D /* Detail */ = {
			isa = PBXGroup;
			children = (
				803A59C52BB0613C00B08D3D /* Views */,
				803A59C62BB0614000B08D3D /* ViewModel */,
			);
			path = Detail;
			sourceTree = "<group>";
		};
		803A59C52BB0613C00B08D3D /* Views */ = {
			isa = PBXGroup;
			children = (
				8004672E2B937C810060E055 /* DetailView.swift */,
			);
			path = Views;
			sourceTree = "<group>";
		};
		803A59C62BB0614000B08D3D /* ViewModel */ = {
			isa = PBXGroup;
			children = (
				803A59C72BB0620A00B08D3D /* DetailViewModel.swift */,
			);
			path = ViewModel;
			sourceTree = "<group>";
		};
		8054DCB02BA982F900B8C356 /* Enum */ = {
			isa = PBXGroup;
			children = (
				8054DCB12BA982FF00B8C356 /* CellType.swift */,
				801403182BB1718800481B9C /* ButtonType.swift */,
			);
			path = Enum;
			sourceTree = "<group>";
		};
		805AB2202B8C8DBF00ADB8BD = {
			isa = PBXGroup;
			children = (
				805AB22B2B8C8DBF00ADB8BD /* Netflix Clone */,
				805AB22A2B8C8DBF00ADB8BD /* Products */,
			);
			sourceTree = "<group>";
		};
		805AB22A2B8C8DBF00ADB8BD /* Products */ = {
			isa = PBXGroup;
			children = (
				805AB2292B8C8DBF00ADB8BD /* Netflix Clone.app */,
			);
			name = Products;
			sourceTree = "<group>";
		};
		805AB22B2B8C8DBF00ADB8BD /* Netflix Clone */ = {
			isa = PBXGroup;
			children = (
				801ED6FD2BA16C48002C931A /* Application */,
				801ED6FE2BA16C5B002C931A /* Config */,
				801ED6FF2BA16C8E002C931A /* Core */,
				801ED7002BA16C92002C931A /* Feature */,
			);
			path = "Netflix Clone";
			sourceTree = "<group>";
		};
		805AB2502B8CC88400ADB8BD /* Resources */ = {
			isa = PBXGroup;
			children = (
				805AB2352B8C8DC100ADB8BD /* Assets.xcassets */,
				805AB23A2B8C8DC100ADB8BD /* Info.plist */,
				80EF1E972BA1B5F900A0601D /* Config.plist */,
			);
			path = Resources;
			sourceTree = "<group>";
		};
		806BF1D22BAAF41E00771C09 /* CollectionViewCell */ = {
			isa = PBXGroup;
			children = (
				801A71612BA6FFB200086382 /* MovieCell.swift */,
			);
			path = CollectionViewCell;
			sourceTree = "<group>";
		};
		8075A17F2BA88BDD00B25DFD /* Enum */ = {
			isa = PBXGroup;
			children = (
				8075A1802BA88BEB00B25DFD /* ErrorType.swift */,
			);
			path = Enum;
			sourceTree = "<group>";
		};
		80A165D42BA1EDA600AAD8B4 /* CoreData */ = {
			isa = PBXGroup;
			children = (
				80E8E96A2B9B0EA00094AEFB /* LocalDataSource.swift */,
				80C1C6B42BA49E4500139A4D /* LocalDataSourceProtocol.swift */,
			);
			path = CoreData;
			sourceTree = "<group>";
		};
		80A165D52BA1EDAA00AAD8B4 /* Network */ = {
			isa = PBXGroup;
			children = (
				80A165D62BA1EDC700AAD8B4 /* Movie */,
				80A165D72BA1EDCB00AAD8B4 /* Youtube */,
			);
			path = Network;
			sourceTree = "<group>";
		};
		80A165D62BA1EDC700AAD8B4 /* Movie */ = {
			isa = PBXGroup;
			children = (
				80A165D82BA1EDE300AAD8B4 /* MovieNetworkDataSource.swift */,
				80A165DA2BA1EDF600AAD8B4 /* MovieNetworkDataSourceProtocol.swift */,
			);
			path = Movie;
			sourceTree = "<group>";
		};
		80A165D72BA1EDCB00AAD8B4 /* Youtube */ = {
			isa = PBXGroup;
			children = (
				80A165DC2BA1EEDB00AAD8B4 /* YoutubeNetworkDataSource.swift */,
				80A165DE2BA1EEE500AAD8B4 /* YoutubeNetworkDataSourceProtocol.swift */,
			);
			path = Youtube;
			sourceTree = "<group>";
		};
		80C1C6B62BA4A13200139A4D /* GetTrendingMoviesUseCase */ = {
			isa = PBXGroup;
			children = (
				80C1C6F12BA4A5A700139A4D /* GetTrendingMoviesUseCase.swift */,
			);
			path = GetTrendingMoviesUseCase;
			sourceTree = "<group>";
		};
		80C1C6B72BA4A14900139A4D /* GetTrendingTVUseCase */ = {
			isa = PBXGroup;
			children = (
				80C1C6ED2BA4A59900139A4D /* GetTrendingTVUseCase.swift */,
			);
			path = GetTrendingTVUseCase;
			sourceTree = "<group>";
		};
		80C1C6B82BA4A16200139A4D /* GetPopularMoviesUseCase */ = {
			isa = PBXGroup;
			children = (
				80C1C6E92BA4A58A00139A4D /* GetPopularMoviesUseCase.swift */,
			);
			path = GetPopularMoviesUseCase;
			sourceTree = "<group>";
		};
		80C1C6B92BA4A17C00139A4D /* GetTopRatedMoviesUseCase */ = {
			isa = PBXGroup;
			children = (
				80C1C6E72BA4A58300139A4D /* GetTopRatedMoviesUseCase.swift */,
			);
			path = GetTopRatedMoviesUseCase;
			sourceTree = "<group>";
		};
		80C1C6BA2BA4A18600139A4D /* GetUpcomingMoviesUseCase */ = {
			isa = PBXGroup;
			children = (
				80C1C6E12BA4A56E00139A4D /* GetUpcomingMoviesUseCase.swift */,
			);
			path = GetUpcomingMoviesUseCase;
			sourceTree = "<group>";
		};
		80C1C6BB2BA4A19000139A4D /* GetDiscoverMoviesUseCase */ = {
			isa = PBXGroup;
			children = (
				80C1C6DD2BA4A56200139A4D /* GetDiscoverMoviesUseCase.swift */,
			);
			path = GetDiscoverMoviesUseCase;
			sourceTree = "<group>";
		};
		80C1C6BC2BA4A1B600139A4D /* SearchByKeywordUseCase */ = {
			isa = PBXGroup;
			children = (
				80C1C6D92BA4A55800139A4D /* SearchByKeywordUseCase.swift */,
				80C1C6DB2BA4A55C00139A4D /* SearchByKeywordUseCaseProtocol.swift */,
			);
			path = SearchByKeywordUseCase;
			sourceTree = "<group>";
		};
		80C1C6BD2BA4A1CB00139A4D /* FetchUseCase */ = {
			isa = PBXGroup;
			children = (
				80C1C6D52BA4A54800139A4D /* FetchUseCase.swift */,
			);
			path = FetchUseCase;
			sourceTree = "<group>";
		};
		80C1C6BE2BA4A1DE00139A4D /* SaveUseCase */ = {
			isa = PBXGroup;
			children = (
				80C1C6D12BA4A53B00139A4D /* SaveUseCase.swift */,
			);
			path = SaveUseCase;
			sourceTree = "<group>";
		};
		80C1C6BF2BA4A1E100139A4D /* DeleteUseCase */ = {
			isa = PBXGroup;
			children = (
				80C1C6CC2BA4A52A00139A4D /* DeleteUseCase.swift */,
			);
			path = DeleteUseCase;
			sourceTree = "<group>";
		};
		80C1C6C02BA4A20300139A4D /* GetMovieUseCase */ = {
			isa = PBXGroup;
			children = (
				80C1C6C72BA4A3CD00139A4D /* GetMovieUseCaseProtocol.swift */,
				80C1C6C92BA4A3D300139A4D /* GetMovieUseCase.swift */,
			);
			path = GetMovieUseCase;
			sourceTree = "<group>";
		};
		80C1C6C12BA4A2AE00139A4D /* Youtube */ = {
			isa = PBXGroup;
			children = (
				80C1C6C02BA4A20300139A4D /* GetMovieUseCase */,
				80C1C6C52BA4A30B00139A4D /* YoutubeUseCase.swift */,
			);
			path = Youtube;
			sourceTree = "<group>";
		};
		80C1C6C22BA4A2B700139A4D /* Movie */ = {
			isa = PBXGroup;
			children = (
				80C1C6CF2BA4A53400139A4D /* MoviePersistenceUseCaseProtocol.swift */,
				80C1C6D72BA4A54C00139A4D /* MovieActionUseCaseProtocol.swift */,
				80C1C6BF2BA4A1E100139A4D /* DeleteUseCase */,
				80C1C6BE2BA4A1DE00139A4D /* SaveUseCase */,
				80C1C6BD2BA4A1CB00139A4D /* FetchUseCase */,
				80C1C6BC2BA4A1B600139A4D /* SearchByKeywordUseCase */,
				80C1C6BB2BA4A19000139A4D /* GetDiscoverMoviesUseCase */,
				80C1C6BA2BA4A18600139A4D /* GetUpcomingMoviesUseCase */,
				80C1C6B92BA4A17C00139A4D /* GetTopRatedMoviesUseCase */,
				80C1C6B82BA4A16200139A4D /* GetPopularMoviesUseCase */,
				80C1C6B72BA4A14900139A4D /* GetTrendingTVUseCase */,
				80C1C6B62BA4A13200139A4D /* GetTrendingMoviesUseCase */,
				80C1C6C32BA4A2D300139A4D /* MovieUseCase.swift */,
			);
			path = Movie;
			sourceTree = "<group>";
		};
		80E8E9652B9B0B740094AEFB /* CoreData */ = {
			isa = PBXGroup;
			children = (
				80F146402B9B0777006FF2E1 /* NetflixDatabase.xcdatamodeld */,
				80E8E9662B9B0B820094AEFB /* CoreDataManager.swift */,
			);
			path = CoreData;
			sourceTree = "<group>";
		};
		80E8E9692B9B0E8C0094AEFB /* Repository */ = {
			isa = PBXGroup;
			children = (
				80A165E02BA1F40800AAD8B4 /* YoutubeRepository.swift */,
				80A165E22BA1F41000AAD8B4 /* MovieRepository.swift */,
			);
			path = Repository;
			sourceTree = "<group>";
		};
		80EF1E6E2BA1A98300A0601D /* Netflix */ = {
			isa = PBXGroup;
			children = (
				80EF1E6F2BA1A98F00A0601D /* Domain */,
				80EF1E702BA1A99300A0601D /* Data */,
				80EF1E712BA1A99500A0601D /* Presentation */,
			);
			path = Netflix;
			sourceTree = "<group>";
		};
		80EF1E6F2BA1A98F00A0601D /* Domain */ = {
			isa = PBXGroup;
			children = (
				80EF1E722BA1A9A600A0601D /* Entities */,
				80EF1E732BA1A9AA00A0601D /* Usecases */,
				80EF1E742BA1AB5600A0601D /* Repository */,
			);
			path = Domain;
			sourceTree = "<group>";
		};
		80EF1E702BA1A99300A0601D /* Data */ = {
			isa = PBXGroup;
			children = (
				80EF1E752BA1ABC000A0601D /* DataSources */,
				80EF1E762BA1ABC500A0601D /* DataTransferObject */,
				80E8E9692B9B0E8C0094AEFB /* Repository */,
			);
			path = Data;
			sourceTree = "<group>";
		};
		80EF1E712BA1A99500A0601D /* Presentation */ = {
			isa = PBXGroup;
			children = (
				803A59C42BB0613600B08D3D /* Detail */,
				80EF1E772BA1ABE700A0601D /* Home */,
				80EF1E792BA1AC0100A0601D /* Upcoming */,
				80EF1E782BA1ABF500A0601D /* Search */,
				80EF1E7A2BA1AC0600A0601D /* Download */,
			);
			path = Presentation;
			sourceTree = "<group>";
		};
		80EF1E722BA1A9A600A0601D /* Entities */ = {
			isa = PBXGroup;
			children = (
				80DC80572B8F46F5001BF7F3 /* Movie.swift */,
				800FDC102B91E076000ED4F0 /* Youtube.swift */,
			);
			path = Entities;
			sourceTree = "<group>";
		};
		80EF1E732BA1A9AA00A0601D /* Usecases */ = {
			isa = PBXGroup;
			children = (
				80C1C6C22BA4A2B700139A4D /* Movie */,
				80C1C6C12BA4A2AE00139A4D /* Youtube */,
			);
			path = Usecases;
			sourceTree = "<group>";
		};
		80EF1E742BA1AB5600A0601D /* Repository */ = {
			isa = PBXGroup;
			children = (
				80A165E42BA1F43000AAD8B4 /* MovieRepositoryProtocol.swift */,
				80A165E62BA1F44000AAD8B4 /* YoutubeRepositoryProtocol.swift */,
			);
			path = Repository;
			sourceTree = "<group>";
		};
		80EF1E752BA1ABC000A0601D /* DataSources */ = {
			isa = PBXGroup;
			children = (
				80A165D52BA1EDAA00AAD8B4 /* Network */,
				80A165D42BA1EDA600AAD8B4 /* CoreData */,
			);
			path = DataSources;
			sourceTree = "<group>";
		};
		80EF1E762BA1ABC500A0601D /* DataTransferObject */ = {
			isa = PBXGroup;
			children = (
				801A71582BA6C42900086382 /* Youtube */,
				801A71572BA6C42600086382 /* Movie */,
			);
			path = DataTransferObject;
			sourceTree = "<group>";
		};
		80EF1E772BA1ABE700A0601D /* Home */ = {
			isa = PBXGroup;
			children = (
				8054DCB02BA982F900B8C356 /* Enum */,
				80EF1E7B2BA1AC2000A0601D /* Views */,
				80EF1E7C2BA1AC2400A0601D /* ViewModel */,
			);
			path = Home;
			sourceTree = "<group>";
		};
		80EF1E782BA1ABF500A0601D /* Search */ = {
			isa = PBXGroup;
			children = (
				80EF1E7F2BA1AC4E00A0601D /* Views */,
				80EF1E802BA1AC5100A0601D /* ViewModel */,
			);
			path = Search;
			sourceTree = "<group>";
		};
		80EF1E792BA1AC0100A0601D /* Upcoming */ = {
			isa = PBXGroup;
			children = (
				80EF1E7D2BA1AC4600A0601D /* Views */,
				80EF1E7E2BA1AC4900A0601D /* ViewModel */,
			);
			path = Upcoming;
			sourceTree = "<group>";
		};
		80EF1E7A2BA1AC0600A0601D /* Download */ = {
			isa = PBXGroup;
			children = (
				80EF1E812BA1AC5700A0601D /* Views */,
				80EF1E822BA1AC5A00A0601D /* ViewModel */,
			);
			path = Download;
			sourceTree = "<group>";
		};
		80EF1E7B2BA1AC2000A0601D /* Views */ = {
			isa = PBXGroup;
			children = (
				80EF1E8B2BA1B06300A0601D /* Components */,
				80EF1E832BA1AE4E00A0601D /* Controller */,
			);
			path = Views;
			sourceTree = "<group>";
		};
		80EF1E7C2BA1AC2400A0601D /* ViewModel */ = {
			isa = PBXGroup;
			children = (
				801A71632BA7018000086382 /* HomeViewModel.swift */,
			);
			path = ViewModel;
			sourceTree = "<group>";
		};
		80EF1E7D2BA1AC4600A0601D /* Views */ = {
			isa = PBXGroup;
			children = (
				80EF1E842BA1AE6F00A0601D /* Controller */,
			);
			path = Views;
			sourceTree = "<group>";
		};
		80EF1E7E2BA1AC4900A0601D /* ViewModel */ = {
			isa = PBXGroup;
			children = (
				806BF1C92BAACCBD00771C09 /* UpcomingViewModel.swift */,
			);
			path = ViewModel;
			sourceTree = "<group>";
		};
		80EF1E7F2BA1AC4E00A0601D /* Views */ = {
			isa = PBXGroup;
			children = (
				80EF1E852BA1AF3000A0601D /* Controller */,
			);
			path = Views;
			sourceTree = "<group>";
		};
		80EF1E802BA1AC5100A0601D /* ViewModel */ = {
			isa = PBXGroup;
			children = (
				806BF1CE2BAAD85D00771C09 /* SearchViewModel.swift */,
			);
			path = ViewModel;
			sourceTree = "<group>";
		};
		80EF1E812BA1AC5700A0601D /* Views */ = {
			isa = PBXGroup;
			children = (
				80EF1E862BA1AF6400A0601D /* Controller */,
			);
			path = Views;
			sourceTree = "<group>";
		};
		80EF1E822BA1AC5A00A0601D /* ViewModel */ = {
			isa = PBXGroup;
			children = (
				806BF1D02BAAE8CF00771C09 /* DownloadViewModel.swift */,
			);
			path = ViewModel;
			sourceTree = "<group>";
		};
		80EF1E832BA1AE4E00A0601D /* Controller */ = {
			isa = PBXGroup;
			children = (
				805AB2432B8C98A700ADB8BD /* HomeViewController.swift */,
			);
			path = Controller;
			sourceTree = "<group>";
		};
		80EF1E842BA1AE6F00A0601D /* Controller */ = {
			isa = PBXGroup;
			children = (
				805AB2452B8C98AE00ADB8BD /* UpcomingViewController.swift */,
			);
			path = Controller;
			sourceTree = "<group>";
		};
		80EF1E852BA1AF3000A0601D /* Controller */ = {
			isa = PBXGroup;
			children = (
				805B75BE2B90E5370046FDC8 /* SearchResultsViewController.swift */,
				805AB2472B8C98B700ADB8BD /* SearchViewController.swift */,
			);
			path = Controller;
			sourceTree = "<group>";
		};
		80EF1E862BA1AF6400A0601D /* Controller */ = {
			isa = PBXGroup;
			children = (
				805AB2492B8C98BE00ADB8BD /* DownloadViewController.swift */,
			);
			path = Controller;
			sourceTree = "<group>";
		};
		80EF1E872BA1AFD700A0601D /* TableViewCell */ = {
			isa = PBXGroup;
			children = (
				805B75BA2B90C09B0046FDC8 /* TableViewCell.swift */,
			);
			path = TableViewCell;
			sourceTree = "<group>";
		};
		80EF1E882BA1AFF600A0601D /* PreviewViewController */ = {
			isa = PBXGroup;
			children = (
			);
			path = PreviewViewController;
			sourceTree = "<group>";
		};
		80EF1E8B2BA1B06300A0601D /* Components */ = {
			isa = PBXGroup;
			children = (
				8054DCAE2BA9805400B8C356 /* HeaderView.swift */,
			);
			path = Components;
			sourceTree = "<group>";
		};
/* End PBXGroup section */

/* Begin PBXNativeTarget section */
		805AB2282B8C8DBF00ADB8BD /* Netflix Clone */ = {
			isa = PBXNativeTarget;
			buildConfigurationList = 805AB23D2B8C8DC100ADB8BD /* Build configuration list for PBXNativeTarget "Netflix Clone" */;
			buildPhases = (
				805AB2252B8C8DBF00ADB8BD /* Sources */,
				805AB2262B8C8DBF00ADB8BD /* Frameworks */,
				805AB2272B8C8DBF00ADB8BD /* Resources */,
				80EF1E9A2BA1B78F00A0601D /* Embed Frameworks */,
			);
			buildRules = (
			);
			dependencies = (
			);
			name = "Netflix Clone";
			packageProductDependencies = (
				80DC805C2B8F7B1E001BF7F3 /* SDWebImage */,
				80DC805E2B8F7B1E001BF7F3 /* SDWebImageMapKit */,
			);
			productName = "Netflix Clone";
			productReference = 805AB2292B8C8DBF00ADB8BD /* Netflix Clone.app */;
			productType = "com.apple.product-type.application";
		};
/* End PBXNativeTarget section */

/* Begin PBXProject section */
		805AB2212B8C8DBF00ADB8BD /* Project object */ = {
			isa = PBXProject;
			attributes = {
				BuildIndependentTargetsInParallel = 1;
				LastSwiftUpdateCheck = 1520;
				LastUpgradeCheck = 1520;
				TargetAttributes = {
					805AB2282B8C8DBF00ADB8BD = {
						CreatedOnToolsVersion = 15.2;
					};
				};
			};
			buildConfigurationList = 805AB2242B8C8DBF00ADB8BD /* Build configuration list for PBXProject "Netflix Clone" */;
			compatibilityVersion = "Xcode 14.0";
			developmentRegion = en;
			hasScannedForEncodings = 0;
			knownRegions = (
				en,
				Base,
			);
			mainGroup = 805AB2202B8C8DBF00ADB8BD;
			packageReferences = (
				80DC805B2B8F7B1E001BF7F3 /* XCRemoteSwiftPackageReference "SDWebImage" */,
			);
			productRefGroup = 805AB22A2B8C8DBF00ADB8BD /* Products */;
			projectDirPath = "";
			projectRoot = "";
			targets = (
				805AB2282B8C8DBF00ADB8BD /* Netflix Clone */,
			);
		};
/* End PBXProject section */

/* Begin PBXResourcesBuildPhase section */
		805AB2272B8C8DBF00ADB8BD /* Resources */ = {
			isa = PBXResourcesBuildPhase;
			buildActionMask = 2147483647;
			files = (
				80EF1E982BA1B5F900A0601D /* Config.plist in Resources */,
				805AB2362B8C8DC100ADB8BD /* Assets.xcassets in Resources */,
			);
			runOnlyForDeploymentPostprocessing = 0;
		};
/* End PBXResourcesBuildPhase section */

/* Begin PBXSourcesBuildPhase section */
		805AB2252B8C8DBF00ADB8BD /* Sources */ = {
			isa = PBXSourcesBuildPhase;
			buildActionMask = 2147483647;
			files = (
				80A165E72BA1F44000AAD8B4 /* YoutubeRepositoryProtocol.swift in Sources */,
				80C1C6C42BA4A2D300139A4D /* MovieUseCase.swift in Sources */,
				80EF1E952BA1B4C500A0601D /* YoutubeNetworkManager.swift in Sources */,
				80EF1E932BA1B4BF00A0601D /* MovieNetworkManager.swift in Sources */,
				80C1C6F22BA4A5A700139A4D /* GetTrendingMoviesUseCase.swift in Sources */,
				801403172BB1715400481B9C /* DetailViewDelegate.swift in Sources */,
				80C1C6DC2BA4A55C00139A4D /* SearchByKeywordUseCaseProtocol.swift in Sources */,
				805AB2482B8C98B700ADB8BD /* SearchViewController.swift in Sources */,
				80C1C6C62BA4A30B00139A4D /* YoutubeUseCase.swift in Sources */,
				801A71622BA6FFB200086382 /* MovieCell.swift in Sources */,
				801A71602BA6C5A200086382 /* YoutubeDTOMapper.swift in Sources */,
				8054DCB22BA982FF00B8C356 /* CellType.swift in Sources */,
				806BF1D12BAAE8CF00771C09 /* DownloadViewModel.swift in Sources */,
				805B75BB2B90C09B0046FDC8 /* TableViewCell.swift in Sources */,
				801A715C2BA6C4AC00086382 /* MovieDTOMapper.swift in Sources */,
				80E8E9672B9B0B820094AEFB /* CoreDataManager.swift in Sources */,
				80F146422B9B0777006FF2E1 /* NetflixDatabase.xcdatamodeld in Sources */,
				80C1C6E22BA4A56E00139A4D /* GetUpcomingMoviesUseCase.swift in Sources */,
				806BF1CA2BAACCBD00771C09 /* UpcomingViewModel.swift in Sources */,
				806BF1CF2BAAD85D00771C09 /* SearchViewModel.swift in Sources */,
				801A71642BA7018000086382 /* HomeViewModel.swift in Sources */,
				80E8E96B2B9B0EA00094AEFB /* LocalDataSource.swift in Sources */,
				80C1C6D22BA4A53B00139A4D /* SaveUseCase.swift in Sources */,
				80C1C6CD2BA4A52A00139A4D /* DeleteUseCase.swift in Sources */,
				803A59C82BB0620A00B08D3D /* DetailViewModel.swift in Sources */,
				805AB22D2B8C8DBF00ADB8BD /* AppDelegate.swift in Sources */,
				80A165E52BA1F43000AAD8B4 /* MovieRepositoryProtocol.swift in Sources */,
				80A165D92BA1EDE300AAD8B4 /* MovieNetworkDataSource.swift in Sources */,
				80C1C6D02BA4A53400139A4D /* MoviePersistenceUseCaseProtocol.swift in Sources */,
				80C1C6D82BA4A54C00139A4D /* MovieActionUseCaseProtocol.swift in Sources */,
				80A165DD2BA1EEDB00AAD8B4 /* YoutubeNetworkDataSource.swift in Sources */,
				8075A1812BA88BEB00B25DFD /* ErrorType.swift in Sources */,
				80A165DB2BA1EDF600AAD8B4 /* MovieNetworkDataSourceProtocol.swift in Sources */,
				805AB24A2B8C98BE00ADB8BD /* DownloadViewController.swift in Sources */,
				805B75BF2B90E5370046FDC8 /* SearchResultsViewController.swift in Sources */,
				805AB22F2B8C8DBF00ADB8BD /* SceneDelegate.swift in Sources */,
				80C1C6DA2BA4A55800139A4D /* SearchByKeywordUseCase.swift in Sources */,
				80C1C6E82BA4A58300139A4D /* GetTopRatedMoviesUseCase.swift in Sources */,
				80A165DF2BA1EEE500AAD8B4 /* YoutubeNetworkDataSourceProtocol.swift in Sources */,
				80C1C6EE2BA4A59900139A4D /* GetTrendingTVUseCase.swift in Sources */,
				805AB2462B8C98AE00ADB8BD /* UpcomingViewController.swift in Sources */,
				80C1C6DE2BA4A56200139A4D /* GetDiscoverMoviesUseCase.swift in Sources */,
				8054DCAF2BA9805400B8C356 /* HeaderView.swift in Sources */,
				80C1C6B52BA49E4500139A4D /* LocalDataSourceProtocol.swift in Sources */,
				801A715E2BA6C59C00086382 /* YoutubeDTO.swift in Sources */,
				80C1C6C82BA4A3CD00139A4D /* GetMovieUseCaseProtocol.swift in Sources */,
				80C1C6D62BA4A54800139A4D /* FetchUseCase.swift in Sources */,
				801A715A2BA6C43000086382 /* MovieDTO.swift in Sources */,
				80A165E32BA1F41000AAD8B4 /* MovieRepository.swift in Sources */,
				80C1C6CA2BA4A3D300139A4D /* GetMovieUseCase.swift in Sources */,
				8004672F2B937C810060E055 /* DetailView.swift in Sources */,
				800FDC112B91E076000ED4F0 /* Youtube.swift in Sources */,
				801403192BB1718800481B9C /* ButtonType.swift in Sources */,
				80DC80582B8F46F5001BF7F3 /* Movie.swift in Sources */,
				80C1C6EA2BA4A58A00139A4D /* GetPopularMoviesUseCase.swift in Sources */,
				805AB2442B8C98A700ADB8BD /* HomeViewController.swift in Sources */,
				80A165E12BA1F40800AAD8B4 /* YoutubeRepository.swift in Sources */,
			);
			runOnlyForDeploymentPostprocessing = 0;
		};
/* End PBXSourcesBuildPhase section */

/* Begin XCBuildConfiguration section */
		805AB23B2B8C8DC100ADB8BD /* Debug */ = {
			isa = XCBuildConfiguration;
			buildSettings = {
				ALWAYS_SEARCH_USER_PATHS = NO;
				ASSETCATALOG_COMPILER_GENERATE_SWIFT_ASSET_SYMBOL_EXTENSIONS = YES;
				CLANG_ANALYZER_NONNULL = YES;
				CLANG_ANALYZER_NUMBER_OBJECT_CONVERSION = YES_AGGRESSIVE;
				CLANG_CXX_LANGUAGE_STANDARD = "gnu++20";
				CLANG_ENABLE_MODULES = YES;
				CLANG_ENABLE_OBJC_ARC = YES;
				CLANG_ENABLE_OBJC_WEAK = YES;
				CLANG_WARN_BLOCK_CAPTURE_AUTORELEASING = YES;
				CLANG_WARN_BOOL_CONVERSION = YES;
				CLANG_WARN_COMMA = YES;
				CLANG_WARN_CONSTANT_CONVERSION = YES;
				CLANG_WARN_DEPRECATED_OBJC_IMPLEMENTATIONS = YES;
				CLANG_WARN_DIRECT_OBJC_ISA_USAGE = YES_ERROR;
				CLANG_WARN_DOCUMENTATION_COMMENTS = YES;
				CLANG_WARN_EMPTY_BODY = YES;
				CLANG_WARN_ENUM_CONVERSION = YES;
				CLANG_WARN_INFINITE_RECURSION = YES;
				CLANG_WARN_INT_CONVERSION = YES;
				CLANG_WARN_NON_LITERAL_NULL_CONVERSION = YES;
				CLANG_WARN_OBJC_IMPLICIT_RETAIN_SELF = YES;
				CLANG_WARN_OBJC_LITERAL_CONVERSION = YES;
				CLANG_WARN_OBJC_ROOT_CLASS = YES_ERROR;
				CLANG_WARN_QUOTED_INCLUDE_IN_FRAMEWORK_HEADER = YES;
				CLANG_WARN_RANGE_LOOP_ANALYSIS = YES;
				CLANG_WARN_STRICT_PROTOTYPES = YES;
				CLANG_WARN_SUSPICIOUS_MOVE = YES;
				CLANG_WARN_UNGUARDED_AVAILABILITY = YES_AGGRESSIVE;
				CLANG_WARN_UNREACHABLE_CODE = YES;
				CLANG_WARN__DUPLICATE_METHOD_MATCH = YES;
				COPY_PHASE_STRIP = NO;
				DEBUG_INFORMATION_FORMAT = dwarf;
				ENABLE_STRICT_OBJC_MSGSEND = YES;
				ENABLE_TESTABILITY = YES;
				ENABLE_USER_SCRIPT_SANDBOXING = YES;
				GCC_C_LANGUAGE_STANDARD = gnu17;
				GCC_DYNAMIC_NO_PIC = NO;
				GCC_NO_COMMON_BLOCKS = YES;
				GCC_OPTIMIZATION_LEVEL = 0;
				GCC_PREPROCESSOR_DEFINITIONS = (
					"DEBUG=1",
					"$(inherited)",
				);
				GCC_WARN_64_TO_32_BIT_CONVERSION = YES;
				GCC_WARN_ABOUT_RETURN_TYPE = YES_ERROR;
				GCC_WARN_UNDECLARED_SELECTOR = YES;
				GCC_WARN_UNINITIALIZED_AUTOS = YES_AGGRESSIVE;
				GCC_WARN_UNUSED_FUNCTION = YES;
				GCC_WARN_UNUSED_VARIABLE = YES;
				IPHONEOS_DEPLOYMENT_TARGET = 17.2;
				LOCALIZATION_PREFERS_STRING_CATALOGS = YES;
				MTL_ENABLE_DEBUG_INFO = INCLUDE_SOURCE;
				MTL_FAST_MATH = YES;
				ONLY_ACTIVE_ARCH = YES;
				SDKROOT = iphoneos;
				SWIFT_ACTIVE_COMPILATION_CONDITIONS = "DEBUG $(inherited)";
				SWIFT_OPTIMIZATION_LEVEL = "-Onone";
			};
			name = Debug;
		};
		805AB23C2B8C8DC100ADB8BD /* Release */ = {
			isa = XCBuildConfiguration;
			buildSettings = {
				ALWAYS_SEARCH_USER_PATHS = NO;
				ASSETCATALOG_COMPILER_GENERATE_SWIFT_ASSET_SYMBOL_EXTENSIONS = YES;
				CLANG_ANALYZER_NONNULL = YES;
				CLANG_ANALYZER_NUMBER_OBJECT_CONVERSION = YES_AGGRESSIVE;
				CLANG_CXX_LANGUAGE_STANDARD = "gnu++20";
				CLANG_ENABLE_MODULES = YES;
				CLANG_ENABLE_OBJC_ARC = YES;
				CLANG_ENABLE_OBJC_WEAK = YES;
				CLANG_WARN_BLOCK_CAPTURE_AUTORELEASING = YES;
				CLANG_WARN_BOOL_CONVERSION = YES;
				CLANG_WARN_COMMA = YES;
				CLANG_WARN_CONSTANT_CONVERSION = YES;
				CLANG_WARN_DEPRECATED_OBJC_IMPLEMENTATIONS = YES;
				CLANG_WARN_DIRECT_OBJC_ISA_USAGE = YES_ERROR;
				CLANG_WARN_DOCUMENTATION_COMMENTS = YES;
				CLANG_WARN_EMPTY_BODY = YES;
				CLANG_WARN_ENUM_CONVERSION = YES;
				CLANG_WARN_INFINITE_RECURSION = YES;
				CLANG_WARN_INT_CONVERSION = YES;
				CLANG_WARN_NON_LITERAL_NULL_CONVERSION = YES;
				CLANG_WARN_OBJC_IMPLICIT_RETAIN_SELF = YES;
				CLANG_WARN_OBJC_LITERAL_CONVERSION = YES;
				CLANG_WARN_OBJC_ROOT_CLASS = YES_ERROR;
				CLANG_WARN_QUOTED_INCLUDE_IN_FRAMEWORK_HEADER = YES;
				CLANG_WARN_RANGE_LOOP_ANALYSIS = YES;
				CLANG_WARN_STRICT_PROTOTYPES = YES;
				CLANG_WARN_SUSPICIOUS_MOVE = YES;
				CLANG_WARN_UNGUARDED_AVAILABILITY = YES_AGGRESSIVE;
				CLANG_WARN_UNREACHABLE_CODE = YES;
				CLANG_WARN__DUPLICATE_METHOD_MATCH = YES;
				COPY_PHASE_STRIP = NO;
				DEBUG_INFORMATION_FORMAT = "dwarf-with-dsym";
				ENABLE_NS_ASSERTIONS = NO;
				ENABLE_STRICT_OBJC_MSGSEND = YES;
				ENABLE_USER_SCRIPT_SANDBOXING = YES;
				GCC_C_LANGUAGE_STANDARD = gnu17;
				GCC_NO_COMMON_BLOCKS = YES;
				GCC_WARN_64_TO_32_BIT_CONVERSION = YES;
				GCC_WARN_ABOUT_RETURN_TYPE = YES_ERROR;
				GCC_WARN_UNDECLARED_SELECTOR = YES;
				GCC_WARN_UNINITIALIZED_AUTOS = YES_AGGRESSIVE;
				GCC_WARN_UNUSED_FUNCTION = YES;
				GCC_WARN_UNUSED_VARIABLE = YES;
				IPHONEOS_DEPLOYMENT_TARGET = 17.2;
				LOCALIZATION_PREFERS_STRING_CATALOGS = YES;
				MTL_ENABLE_DEBUG_INFO = NO;
				MTL_FAST_MATH = YES;
				SDKROOT = iphoneos;
				SWIFT_COMPILATION_MODE = wholemodule;
				VALIDATE_PRODUCT = YES;
			};
			name = Release;
		};
		805AB23E2B8C8DC100ADB8BD /* Debug */ = {
			isa = XCBuildConfiguration;
			buildSettings = {
				ASSETCATALOG_COMPILER_APPICON_NAME = AppIcon;
				ASSETCATALOG_COMPILER_GLOBAL_ACCENT_COLOR_NAME = AccentColor;
				CODE_SIGN_STYLE = Automatic;
				CURRENT_PROJECT_VERSION = 1;
				DEVELOPMENT_TEAM = 8W485969C3;
				GENERATE_INFOPLIST_FILE = YES;
				INFOPLIST_FILE = "Netflix Clone/Config/Resources/Info.plist";
				INFOPLIST_KEY_UIApplicationSupportsIndirectInputEvents = YES;
				INFOPLIST_KEY_UILaunchStoryboardName = LaunchScreen;
				INFOPLIST_KEY_UISupportedInterfaceOrientations_iPad = "UIInterfaceOrientationPortrait UIInterfaceOrientationPortraitUpsideDown UIInterfaceOrientationLandscapeLeft UIInterfaceOrientationLandscapeRight";
				INFOPLIST_KEY_UISupportedInterfaceOrientations_iPhone = "UIInterfaceOrientationPortrait UIInterfaceOrientationLandscapeLeft UIInterfaceOrientationLandscapeRight";
				LD_RUNPATH_SEARCH_PATHS = (
					"$(inherited)",
					"@executable_path/Frameworks",
				);
				MARKETING_VERSION = 1.0;
				PRODUCT_BUNDLE_IDENTIFIER = "com.handy.Netflix-Clone";
				PRODUCT_NAME = "$(TARGET_NAME)";
				SWIFT_EMIT_LOC_STRINGS = YES;
				SWIFT_VERSION = 5.0;
				TARGETED_DEVICE_FAMILY = "1,2";
			};
			name = Debug;
		};
		805AB23F2B8C8DC100ADB8BD /* Release */ = {
			isa = XCBuildConfiguration;
			buildSettings = {
				ASSETCATALOG_COMPILER_APPICON_NAME = AppIcon;
				ASSETCATALOG_COMPILER_GLOBAL_ACCENT_COLOR_NAME = AccentColor;
				CODE_SIGN_STYLE = Automatic;
				CURRENT_PROJECT_VERSION = 1;
				DEVELOPMENT_TEAM = 8W485969C3;
				GENERATE_INFOPLIST_FILE = YES;
				INFOPLIST_FILE = "Netflix Clone/Config/Resources/Info.plist";
				INFOPLIST_KEY_UIApplicationSupportsIndirectInputEvents = YES;
				INFOPLIST_KEY_UILaunchStoryboardName = LaunchScreen;
				INFOPLIST_KEY_UISupportedInterfaceOrientations_iPad = "UIInterfaceOrientationPortrait UIInterfaceOrientationPortraitUpsideDown UIInterfaceOrientationLandscapeLeft UIInterfaceOrientationLandscapeRight";
				INFOPLIST_KEY_UISupportedInterfaceOrientations_iPhone = "UIInterfaceOrientationPortrait UIInterfaceOrientationLandscapeLeft UIInterfaceOrientationLandscapeRight";
				LD_RUNPATH_SEARCH_PATHS = (
					"$(inherited)",
					"@executable_path/Frameworks",
				);
				MARKETING_VERSION = 1.0;
				PRODUCT_BUNDLE_IDENTIFIER = "com.handy.Netflix-Clone";
				PRODUCT_NAME = "$(TARGET_NAME)";
				SWIFT_EMIT_LOC_STRINGS = YES;
				SWIFT_VERSION = 5.0;
				TARGETED_DEVICE_FAMILY = "1,2";
			};
			name = Release;
		};
/* End XCBuildConfiguration section */

/* Begin XCConfigurationList section */
		805AB2242B8C8DBF00ADB8BD /* Build configuration list for PBXProject "Netflix Clone" */ = {
			isa = XCConfigurationList;
			buildConfigurations = (
				805AB23B2B8C8DC100ADB8BD /* Debug */,
				805AB23C2B8C8DC100ADB8BD /* Release */,
			);
			defaultConfigurationIsVisible = 0;
			defaultConfigurationName = Release;
		};
		805AB23D2B8C8DC100ADB8BD /* Build configuration list for PBXNativeTarget "Netflix Clone" */ = {
			isa = XCConfigurationList;
			buildConfigurations = (
				805AB23E2B8C8DC100ADB8BD /* Debug */,
				805AB23F2B8C8DC100ADB8BD /* Release */,
			);
			defaultConfigurationIsVisible = 0;
			defaultConfigurationName = Release;
		};
/* End XCConfigurationList section */

/* Begin XCRemoteSwiftPackageReference section */
		80DC805B2B8F7B1E001BF7F3 /* XCRemoteSwiftPackageReference "SDWebImage" */ = {
			isa = XCRemoteSwiftPackageReference;
			repositoryURL = "https://github.com/SDWebImage/SDWebImage";
			requirement = {
				kind = upToNextMajorVersion;
				minimumVersion = 5.19.0;
			};
		};
/* End XCRemoteSwiftPackageReference section */

/* Begin XCSwiftPackageProductDependency section */
		80DC805C2B8F7B1E001BF7F3 /* SDWebImage */ = {
			isa = XCSwiftPackageProductDependency;
			package = 80DC805B2B8F7B1E001BF7F3 /* XCRemoteSwiftPackageReference "SDWebImage" */;
			productName = SDWebImage;
		};
		80DC805E2B8F7B1E001BF7F3 /* SDWebImageMapKit */ = {
			isa = XCSwiftPackageProductDependency;
			package = 80DC805B2B8F7B1E001BF7F3 /* XCRemoteSwiftPackageReference "SDWebImage" */;
			productName = SDWebImageMapKit;
		};
/* End XCSwiftPackageProductDependency section */

/* Begin XCVersionGroup section */
		80F146402B9B0777006FF2E1 /* NetflixDatabase.xcdatamodeld */ = {
			isa = XCVersionGroup;
			children = (
				80F146412B9B0777006FF2E1 /* NetflixDatabase.xcdatamodel */,
			);
			currentVersion = 80F146412B9B0777006FF2E1 /* NetflixDatabase.xcdatamodel */;
			path = NetflixDatabase.xcdatamodeld;
			sourceTree = "<group>";
			versionGroupType = wrapper.xcdatamodel;
		};
/* End XCVersionGroup section */
	};
	rootObject = 805AB2212B8C8DBF00ADB8BD /* Project object */;
}
